<?xml version="1.0" encoding="UTF-8" standalone="yes" ?>
<CodeBlocks_project_file>
	<FileVersion major="1" minor="6" />
	<Project>
		<Option title="Reading_inputs" />
		<Option pch_mode="2" />
		<Option compiler="gcc" />
		<Build>
			<Target title="Debug">
				<Option output="bin/Debug/Reading_inputs" prefix_auto="1" extension_auto="1" />
				<Option object_output="obj/Debug/" />
				<Option type="1" />
				<Option compiler="gcc" />
				<Compiler>
					<Add option="-g" />
					<Add directory="../../Installed_cplex_linux/concert/include" />
					<Add directory="/media/kaveh/DATA/Installed_cplex_linux/cplex/include" />
				</Compiler>
				<Linker>
					<Add library="../../Installed_cplex_linux/cplex/lib/x86-64_linux/static_pic/libcplex.a" />
					<Add library="../../Installed_cplex_linux/cplex/lib/x86-64_linux/static_pic/libcplexdistmip.a" />
					<Add library="../../Installed_cplex_linux/cplex/lib/x86-64_linux/static_pic/libilocplex.a" />
					<Add library="../../Installed_cplex_linux/concert/lib/x86-64_linux/static_pic/libconcert.a" />
					<Add directory="../../Installed_cplex_linux/cplex/lib/x86-64_linux/static_pic" />
					<Add directory="../../Installed_cplex_linux/concert/lib/x86-64_linux/static_pic" />
					<Add directory="../../Installed_cplex_linux/opl/lib/x86-64_linux/static_pic" />
				</Linker>
			</Target>
			<Target title="Release">
				<Option output="bin/Release/Reading_inputs" prefix_auto="1" extension_auto="1" />
				<Option object_output="obj/Release/" />
				<Option type="1" />
				<Option compiler="gcc" />
				<Compiler>
					<Add option="-O2" />
				</Compiler>
				<Linker>
					<Add option="-s" />
				</Linker>
			</Target>
		</Build>
		<Compiler>
			<Add option="-Wall" />
			<Add option="-fexceptions" />
		</Compiler>
		<Unit filename="console.h" />
		<Unit filename="main.cpp" />
		<Extensions>
			<code_completion />
			<debugger />
		</Extensions>
	</Project>
</CodeBlocks_project_file>
